
Microsoft Visual Studio Solution File, Format Version 12.00
# Visual Studio Version 16
VisualStudioVersion = 16.0.29613.14
MinimumVisualStudioVersion = 10.0.40219.1
Project("{FAE04EC0-301F-11D3-BF4B-00C04F79EFBC}") = "DnDIMDataManager", "DnDIMDataManager\DnDIMDataManager.csproj", "{C0224767-856D-4B73-B79A-919ECAFA59BD}"
EndProject
Project("{2150E333-8FDC-42A3-9474-1A3956D46DE8}") = "API", "API", "{A274C4EC-AD4F-453F-85A2-DBCAE45C7C36}"
EndProject
Project("{00D1A9C2-B5F0-4AF3-8072-F6C62B433612}") = "DnDIMData", "Database1\DnDIMData.sqlproj", "{6C03277F-DF09-47BB-A0F5-CC293C4D0B48}"
EndProject
Project("{FAE04EC0-301F-11D3-BF4B-00C04F79EFBC}") = "DnDIMDesktopUI", "DnDIMDesktopUI\DnDIMDesktopUI.csproj", "{843DA822-66B5-4A98-B385-3BBE62D3ABE8}"
EndProject
Project("{2150E333-8FDC-42A3-9474-1A3956D46DE8}") = "WPF", "WPF", "{281953A7-C8FE-42C7-8126-FBAF021FC1A8}"
EndProject
Project("{2150E333-8FDC-42A3-9474-1A3956D46DE8}") = "Database", "Database", "{3A2FAA3F-B827-4B8A-B8C2-5FC748DD940D}"
EndProject
Project("{FAE04EC0-301F-11D3-BF4B-00C04F79EFBC}") = "DnDIMDataManager.Library", "DnDIMDataManager.Library\DnDIMDataManager.Library.csproj", "{B9EAD42A-2DE0-4360-8CEB-87DDCB6E8544}"
EndProject
Project("{FAE04EC0-301F-11D3-BF4B-00C04F79EFBC}") = "DnDIMDesktopUI.Library", "DnDIMDesktopUI.Library\DnDIMDesktopUI.Library.csproj", "{F38AC997-1976-46FF-90A0-DE0AD766060D}"
EndProject
Global
	GlobalSection(SolutionConfigurationPlatforms) = preSolution
		Debug|Any CPU = Debug|Any CPU
		Release|Any CPU = Release|Any CPU
	EndGlobalSection
	GlobalSection(ProjectConfigurationPlatforms) = postSolution
		{C0224767-856D-4B73-B79A-919ECAFA59BD}.Debug|Any CPU.ActiveCfg = Debug|Any CPU
		{C0224767-856D-4B73-B79A-919ECAFA59BD}.Debug|Any CPU.Build.0 = Debug|Any CPU
		{C0224767-856D-4B73-B79A-919ECAFA59BD}.Release|Any CPU.ActiveCfg = Release|Any CPU
		{C0224767-856D-4B73-B79A-919ECAFA59BD}.Release|Any CPU.Build.0 = Release|Any CPU
		{6C03277F-DF09-47BB-A0F5-CC293C4D0B48}.Debug|Any CPU.ActiveCfg = Debug|Any CPU
		{6C03277F-DF09-47BB-A0F5-CC293C4D0B48}.Debug|Any CPU.Build.0 = Debug|Any CPU
		{6C03277F-DF09-47BB-A0F5-CC293C4D0B48}.Debug|Any CPU.Deploy.0 = Debug|Any CPU
		{6C03277F-DF09-47BB-A0F5-CC293C4D0B48}.Release|Any CPU.ActiveCfg = Release|Any CPU
		{6C03277F-DF09-47BB-A0F5-CC293C4D0B48}.Release|Any CPU.Build.0 = Release|Any CPU
		{6C03277F-DF09-47BB-A0F5-CC293C4D0B48}.Release|Any CPU.Deploy.0 = Release|Any CPU
		{843DA822-66B5-4A98-B385-3BBE62D3ABE8}.Debug|Any CPU.ActiveCfg = Debug|Any CPU
		{843DA822-66B5-4A98-B385-3BBE62D3ABE8}.Debug|Any CPU.Build.0 = Debug|Any CPU
		{843DA822-66B5-4A98-B385-3BBE62D3ABE8}.Release|Any CPU.ActiveCfg = Release|Any CPU
		{843DA822-66B5-4A98-B385-3BBE62D3ABE8}.Release|Any CPU.Build.0 = Release|Any CPU
		{B9EAD42A-2DE0-4360-8CEB-87DDCB6E8544}.Debug|Any CPU.ActiveCfg = Debug|Any CPU
		{B9EAD42A-2DE0-4360-8CEB-87DDCB6E8544}.Debug|Any CPU.Build.0 = Debug|Any CPU
		{B9EAD42A-2DE0-4360-8CEB-87DDCB6E8544}.Release|Any CPU.ActiveCfg = Release|Any CPU
		{B9EAD42A-2DE0-4360-8CEB-87DDCB6E8544}.Release|Any CPU.Build.0 = Release|Any CPU
		{F38AC997-1976-46FF-90A0-DE0AD766060D}.Debug|Any CPU.ActiveCfg = Debug|Any CPU
		{F38AC997-1976-46FF-90A0-DE0AD766060D}.Debug|Any CPU.Build.0 = Debug|Any CPU
		{F38AC997-1976-46FF-90A0-DE0AD766060D}.Release|Any CPU.ActiveCfg = Release|Any CPU
		{F38AC997-1976-46FF-90A0-DE0AD766060D}.Release|Any CPU.Build.0 = Release|Any CPU
	EndGlobalSection
	GlobalSection(SolutionProperties) = preSolution
		HideSolutionNode = FALSE
	EndGlobalSection
	GlobalSection(NestedProjects) = preSolution
		{C0224767-856D-4B73-B79A-919ECAFA59BD} = {A274C4EC-AD4F-453F-85A2-DBCAE45C7C36}
		{6C03277F-DF09-47BB-A0F5-CC293C4D0B48} = {3A2FAA3F-B827-4B8A-B8C2-5FC748DD940D}
		{843DA822-66B5-4A98-B385-3BBE62D3ABE8} = {281953A7-C8FE-42C7-8126-FBAF021FC1A8}
		{B9EAD42A-2DE0-4360-8CEB-87DDCB6E8544} = {A274C4EC-AD4F-453F-85A2-DBCAE45C7C36}
		{F38AC997-1976-46FF-90A0-DE0AD766060D} = {281953A7-C8FE-42C7-8126-FBAF021FC1A8}
	EndGlobalSection
	GlobalSection(ExtensibilityGlobals) = postSolution
		SolutionGuid = {9FFC62E8-EDB5-4D92-8A7A-8C3F2AA72E08}
	EndGlobalSection
EndGlobal
